
Microsoft Visual Studio Solution File, Format Version 12.00
# Visual Studio 15
VisualStudioVersion = 15.0.27703.2042
MinimumVisualStudioVersion = 10.0.40219.1
Project("{FAE04EC0-301F-11D3-BF4B-00C04F79EFBC}") = "KttSvc", "KttSvc\KttSvc.csproj", "{1CAF5F5F-1189-4E45-AF7F-24ECC9111BEB}"
EndProject
Project("{FAE04EC0-301F-11D3-BF4B-00C04F79EFBC}") = "KttLib", "KttLib\KttLib.csproj", "{451BE881-2815-4D04-9EAE-1474C9F33661}"
EndProject
Project("{54435603-DBB4-11D2-8724-00A0C9A8B90C}") = "KttSvcInstaller", "KttSvcInstaller\KttSvcInstaller.vdproj", "{53D17506-3A1F-48D0-B29F-3B2142E24053}"
EndProject
Project("{FAE04EC0-301F-11D3-BF4B-00C04F79EFBC}") = "Ktt", "Ktt\Ktt.csproj", "{EC49E834-A1F1-4BF9-A607-0E8CB7AF7BBF}"
EndProject
Project("{54435603-DBB4-11D2-8724-00A0C9A8B90C}") = "KttCLIInstaller", "KttCLIInstaller\KttCLIInstaller.vdproj", "{B53315BD-2729-46AF-8B4B-5A1A5D860AC0}"
EndProject
Global
	GlobalSection(SolutionConfigurationPlatforms) = preSolution
		Debug|x86 = Debug|x86
		Release|x86 = Release|x86
	EndGlobalSection
	GlobalSection(ProjectConfigurationPlatforms) = postSolution
		{1CAF5F5F-1189-4E45-AF7F-24ECC9111BEB}.Debug|x86.ActiveCfg = Debug|x86
		{1CAF5F5F-1189-4E45-AF7F-24ECC9111BEB}.Debug|x86.Build.0 = Debug|x86
		{1CAF5F5F-1189-4E45-AF7F-24ECC9111BEB}.Release|x86.ActiveCfg = Release|x86
		{1CAF5F5F-1189-4E45-AF7F-24ECC9111BEB}.Release|x86.Build.0 = Release|x86
		{451BE881-2815-4D04-9EAE-1474C9F33661}.Debug|x86.ActiveCfg = Debug|x86
		{451BE881-2815-4D04-9EAE-1474C9F33661}.Debug|x86.Build.0 = Debug|x86
		{451BE881-2815-4D04-9EAE-1474C9F33661}.Release|x86.ActiveCfg = Release|x86
		{451BE881-2815-4D04-9EAE-1474C9F33661}.Release|x86.Build.0 = Release|x86
		{53D17506-3A1F-48D0-B29F-3B2142E24053}.Debug|x86.ActiveCfg = Debug
		{53D17506-3A1F-48D0-B29F-3B2142E24053}.Release|x86.ActiveCfg = Release
		{EC49E834-A1F1-4BF9-A607-0E8CB7AF7BBF}.Debug|x86.ActiveCfg = Debug|x86
		{EC49E834-A1F1-4BF9-A607-0E8CB7AF7BBF}.Debug|x86.Build.0 = Debug|x86
		{EC49E834-A1F1-4BF9-A607-0E8CB7AF7BBF}.Release|x86.ActiveCfg = Release|Any CPU
		{EC49E834-A1F1-4BF9-A607-0E8CB7AF7BBF}.Release|x86.Build.0 = Release|Any CPU
		{B53315BD-2729-46AF-8B4B-5A1A5D860AC0}.Debug|x86.ActiveCfg = Debug
		{B53315BD-2729-46AF-8B4B-5A1A5D860AC0}.Release|x86.ActiveCfg = Release
	EndGlobalSection
	GlobalSection(SolutionProperties) = preSolution
		HideSolutionNode = FALSE
	EndGlobalSection
	GlobalSection(ExtensibilityGlobals) = postSolution
		SolutionGuid = {81696C75-5B19-47D5-90AE-2D33010D21E0}
	EndGlobalSection
EndGlobal
